
Microsoft Visual Studio Solution File, Format Version 12.00
# Visual Studio Version 17
VisualStudioVersion = 17.14.36310.24
MinimumVisualStudioVersion = 10.0.40219.1
Project("{FAE04EC0-301F-11D3-BF4B-00C04F79EFBC}") = "AiResumeBuilder.Api", "AiResumeBuilder.Api\AiResumeBuilder.Api.csproj", "{A528BFB6-1825-44D1-9808-5C0F0DF89DFE}"
EndProject
Project("{FAE04EC0-301F-11D3-BF4B-00C04F79EFBC}") = "AiResumeBuilder.Tests", "AiResumeBuilder.Tests\AiResumeBuilder.Tests.csproj", "{75B59F24-261E-4F51-83B7-4F1797688D33}"
EndProject
Global
	GlobalSection(SolutionConfigurationPlatforms) = preSolution
		Debug|Any CPU = Debug|Any CPU
		Release|Any CPU = Release|Any CPU
	EndGlobalSection
	GlobalSection(ProjectConfigurationPlatforms) = postSolution
		{A528BFB6-1825-44D1-9808-5C0F0DF89DFE}.Debug|Any CPU.ActiveCfg = Debug|Any CPU
		{A528BFB6-1825-44D1-9808-5C0F0DF89DFE}.Debug|Any CPU.Build.0 = Debug|Any CPU
		{A528BFB6-1825-44D1-9808-5C0F0DF89DFE}.Release|Any CPU.ActiveCfg = Release|Any CPU
		{A528BFB6-1825-44D1-9808-5C0F0DF89DFE}.Release|Any CPU.Build.0 = Release|Any CPU
		{75B59F24-261E-4F51-83B7-4F1797688D33}.Debug|Any CPU.ActiveCfg = Debug|Any CPU
		{75B59F24-261E-4F51-83B7-4F1797688D33}.Debug|Any CPU.Build.0 = Debug|Any CPU
		{75B59F24-261E-4F51-83B7-4F1797688D33}.Release|Any CPU.ActiveCfg = Release|Any CPU
		{75B59F24-261E-4F51-83B7-4F1797688D33}.Release|Any CPU.Build.0 = Release|Any CPU
	EndGlobalSection
	GlobalSection(SolutionProperties) = preSolution
		HideSolutionNode = FALSE
	EndGlobalSection
	GlobalSection(ExtensibilityGlobals) = postSolution
		SolutionGuid = {5785E728-EBDC-42DD-BA48-723199F82988}
	EndGlobalSection
EndGlobal
